<?xml version="1.0" encoding="UTF-8"?>
<Scheme
   LastUpgradeVersion = "0460"
   version = "1.7">
   <BuildAction
      parallelizeBuildables = "YES"
      buildImplicitDependencies = "YES">
      <BuildActionEntries>
         <BuildActionEntry
            buildForTesting = "YES"
            buildForRunning = "YES"
            buildForProfiling = "YES"
            buildForArchiving = "YES"
            buildForAnalyzing = "YES">
            <BuildableReference
               BuildableIdentifier = "primary"
               BlueprintIdentifier = "E34D78071759A1B00095BEB6"
               BuildableName = "SecretChess.app"
               BlueprintName = "SecretChess"
               ReferencedContainer = "container:SecretChess.xcodeproj">
            </BuildableReference>
         </BuildActionEntry>
      </BuildActionEntries>
   </BuildAction>
   <TestAction
      selectedDebuggerIdentifier = "Xcode.DebuggerFoundation.Debugger.LLDB"
      selectedLauncherIdentifier = "Xcode.DebuggerFoundation.Launcher.LLDB"
      shouldUseLaunchSchemeArgsEnv = "YES"
      buildConfiguration = "Debug">
      <Testables>
      </Testables>
      <MacroExpansion>
         <BuildableReference
            BuildableIdentifier = "primary"
            BlueprintIdentifier = "E34D78071759A1B00095BEB6"
            BuildableName = "SecretChess.app"
            BlueprintName = "SecretChess"
            ReferencedContainer = "container:SecretChess.xcodeproj">
         </BuildableReference>
      </MacroExpansion>
   </TestAction>
   <LaunchAction
      selectedDebuggerIdentifier = "Xcode.DebuggerFoundation.Debugger.LLDB"
      selectedLauncherIdentifier = "Xcode.DebuggerFoundation.Launcher.LLDB"
      launchStyle = "0"
      useCustomWorkingDirectory = "NO"
      buildConfiguration = "Debug"
      ignoresPersistentStateOnLaunch = "NO"
      debugDocumentVersioning = "YES"
      allowLocationSimulation = "YES">
      <BuildableProductRunnable>
         <BuildableReference
            BuildableIdentifier = "primary"
            BlueprintIdentifier = "E34D78071759A1B00095BEB6"
            BuildableName = "SecretChess.app"
            BlueprintName = "SecretChess"
            ReferencedContainer = "container:SecretChess.xcodeproj">
         </BuildableReference>
      </BuildableProductRunnable>
      <AdditionalOptions>
      </AdditionalOptions>
   </LaunchAction>
   <ProfileAction
      shouldUseLaunchSchemeArgsEnv = "YES"
      savedToolIdentifier = ""
      useCustomWorkingDirectory = "NO"
      buildConfiguration = "Release"
      debugDocumentVersioning = "YES">
      <BuildableProductRunnable>
         <BuildableReference
            BuildableIdentifier = "primary"
            BlueprintIdentifier = "E34D78071759A1B00095BEB6"
            BuildableName = "SecretChess.app"
            BlueprintName = "SecretChess"
            ReferencedContainer = "container:SecretChess.xcodeproj">
         </BuildableReference>
      </BuildableProductRunnable>
   </ProfileAction>
   <AnalyzeAction
      buildConfiguration = "Debug">
   </AnalyzeAction>
   <ArchiveAction
      buildConfiguration = "Release"
      revealArchiveInOrganizer = "YES">
      <PostActions>
         <ExecutionAction
            ActionType = "Xcode.IDEStandardExecutionActionsCore.ExecutionActionType.ShellScriptAction">
            <ActionContent
               title = "Run Script"
               scriptText = "AdHoc_TITLE=&quot;Secret Chess&quot;&#10;AdHoc_IDENTITY=&quot;iPhone Distribution: Ray Sun (248F6JBWPR)&quot;&#10;AdHoc_PROVISONING_PROFILE=&quot;/Users/karenandray/Library/MobileDevice/Provisioning Profiles/8CD62420-8EF6-4E5C-BA90-8EC4F052C490.mobileprovision&quot;&#10;AdHoc_DESTDIR=&quot;/Users/karenandray/Dropbox/Public/SurpriseChess&quot;&#10;AdHoc_IPA_URL=&quot;https://dl.dropboxusercontent.com/u/1971118/SurpriseChess/SecretChess.ipa&quot;&#10;&#10;mkdir -p $AdHoc_DESTDIR&#10;&#10;export AdHoc_TITLE AdHoc_IDENTITY AdHoc_PROVISONING_PROFILE AdHoc_DESTDIR AdHoc_IPA_URL&#10;&#10;# May need to include the path&#10;#${PROJECT_DIR}/adHocGenerate/adHocGenerate">
               <EnvironmentBuildable>
                  <BuildableReference
                     BuildableIdentifier = "primary"
                     BlueprintIdentifier = "E34D78071759A1B00095BEB6"
                     BuildableName = "SecretChess.app"
                     BlueprintName = "SecretChess"
                     ReferencedContainer = "container:SecretChess.xcodeproj">
                  </BuildableReference>
               </EnvironmentBuildable>
            </ActionContent>
         </ExecutionAction>
      </PostActions>
   </ArchiveAction>
</Scheme>
